
Microsoft Visual Studio Solution File, Format Version 12.00
# Visual Studio 15
VisualStudioVersion = 15.0.28307.1758
MinimumVisualStudioVersion = 10.0.40219.1
Project("{FAE04EC0-301F-11D3-BF4B-00C04F79EFBC}") = "PDFSplitterService", "PDFSplitter\PDFSplitterService.csproj", "{5635958C-5767-4A60-81BE-6E1301B5BE3E}"
EndProject
Global
	GlobalSection(SolutionConfigurationPlatforms) = preSolution
		Debug|Any CPU = Debug|Any CPU
		Release|Any CPU = Release|Any CPU
	EndGlobalSection
	GlobalSection(ProjectConfigurationPlatforms) = postSolution
		{5635958C-5767-4A60-81BE-6E1301B5BE3E}.Debug|Any CPU.ActiveCfg = Debug|Any CPU
		{5635958C-5767-4A60-81BE-6E1301B5BE3E}.Debug|Any CPU.Build.0 = Debug|Any CPU
		{5635958C-5767-4A60-81BE-6E1301B5BE3E}.Release|Any CPU.ActiveCfg = Release|Any CPU
		{5635958C-5767-4A60-81BE-6E1301B5BE3E}.Release|Any CPU.Build.0 = Release|Any CPU
	EndGlobalSection
	GlobalSection(SolutionProperties) = preSolution
		HideSolutionNode = FALSE
	EndGlobalSection
	GlobalSection(ExtensibilityGlobals) = postSolution
		SolutionGuid = {73C272FB-E6DC-4B59-B9F5-EA33EEF83FBD}
	EndGlobalSection
EndGlobal
